
Microsoft Visual Studio Solution File, Format Version 12.00
# Visual Studio Version 17
VisualStudioVersion = 17.0.31903.59
MinimumVisualStudioVersion = 10.0.40219.1
Project("{FAE04EC0-301F-11D3-BF4B-00C04F79EFBC}") = "Camagru.Domain", "src\Camagru.Domain\Camagru.Domain.csproj", "{939F4C9A-A2C7-49CF-9088-179E5833CEC5}"
EndProject
Project("{FAE04EC0-301F-11D3-BF4B-00C04F79EFBC}") = "Camagru.Application", "src\Camagru.Application\Camagru.Application.csproj", "{69EB5B6E-B8DC-4EF5-8E36-2142EF844220}"
EndProject
Project("{FAE04EC0-301F-11D3-BF4B-00C04F79EFBC}") = "Camagru.Infrastructure", "src\Camagru.Infrastructure\Camagru.Infrastructure.csproj", "{1BB5245F-E5AE-4CAF-AD20-4A5D90160B42}"
EndProject
Project("{FAE04EC0-301F-11D3-BF4B-00C04F79EFBC}") = "Camagru.Web", "src\Camagru.Web\Camagru.Web.csproj", "{4246693E-FD19-4546-B3BD-ECB81B4748C4}"
EndProject
Global
	GlobalSection(SolutionConfigurationPlatforms) = preSolution
		Debug|Any CPU = Debug|Any CPU
		Debug|x64 = Debug|x64
		Debug|x86 = Debug|x86
		Release|Any CPU = Release|Any CPU
		Release|x64 = Release|x64
		Release|x86 = Release|x86
	EndGlobalSection
	GlobalSection(ProjectConfigurationPlatforms) = postSolution
		{939F4C9A-A2C7-49CF-9088-179E5833CEC5}.Debug|Any CPU.ActiveCfg = Debug|Any CPU
		{939F4C9A-A2C7-49CF-9088-179E5833CEC5}.Debug|Any CPU.Build.0 = Debug|Any CPU
		{939F4C9A-A2C7-49CF-9088-179E5833CEC5}.Debug|x64.ActiveCfg = Debug|Any CPU
		{939F4C9A-A2C7-49CF-9088-179E5833CEC5}.Debug|x64.Build.0 = Debug|Any CPU
		{939F4C9A-A2C7-49CF-9088-179E5833CEC5}.Debug|x86.ActiveCfg = Debug|Any CPU
		{939F4C9A-A2C7-49CF-9088-179E5833CEC5}.Debug|x86.Build.0 = Debug|Any CPU
		{939F4C9A-A2C7-49CF-9088-179E5833CEC5}.Release|Any CPU.ActiveCfg = Release|Any CPU
		{939F4C9A-A2C7-49CF-9088-179E5833CEC5}.Release|Any CPU.Build.0 = Release|Any CPU
		{939F4C9A-A2C7-49CF-9088-179E5833CEC5}.Release|x64.ActiveCfg = Release|Any CPU
		{939F4C9A-A2C7-49CF-9088-179E5833CEC5}.Release|x64.Build.0 = Release|Any CPU
		{939F4C9A-A2C7-49CF-9088-179E5833CEC5}.Release|x86.ActiveCfg = Release|Any CPU
		{939F4C9A-A2C7-49CF-9088-179E5833CEC5}.Release|x86.Build.0 = Release|Any CPU
		{69EB5B6E-B8DC-4EF5-8E36-2142EF844220}.Debug|Any CPU.ActiveCfg = Debug|Any CPU
		{69EB5B6E-B8DC-4EF5-8E36-2142EF844220}.Debug|Any CPU.Build.0 = Debug|Any CPU
		{69EB5B6E-B8DC-4EF5-8E36-2142EF844220}.Debug|x64.ActiveCfg = Debug|Any CPU
		{69EB5B6E-B8DC-4EF5-8E36-2142EF844220}.Debug|x64.Build.0 = Debug|Any CPU
		{69EB5B6E-B8DC-4EF5-8E36-2142EF844220}.Debug|x86.ActiveCfg = Debug|Any CPU
		{69EB5B6E-B8DC-4EF5-8E36-2142EF844220}.Debug|x86.Build.0 = Debug|Any CPU
		{69EB5B6E-B8DC-4EF5-8E36-2142EF844220}.Release|Any CPU.ActiveCfg = Release|Any CPU
		{69EB5B6E-B8DC-4EF5-8E36-2142EF844220}.Release|Any CPU.Build.0 = Release|Any CPU
		{69EB5B6E-B8DC-4EF5-8E36-2142EF844220}.Release|x64.ActiveCfg = Release|Any CPU
		{69EB5B6E-B8DC-4EF5-8E36-2142EF844220}.Release|x64.Build.0 = Release|Any CPU
		{69EB5B6E-B8DC-4EF5-8E36-2142EF844220}.Release|x86.ActiveCfg = Release|Any CPU
		{69EB5B6E-B8DC-4EF5-8E36-2142EF844220}.Release|x86.Build.0 = Release|Any CPU
		{1BB5245F-E5AE-4CAF-AD20-4A5D90160B42}.Debug|Any CPU.ActiveCfg = Debug|Any CPU
		{1BB5245F-E5AE-4CAF-AD20-4A5D90160B42}.Debug|Any CPU.Build.0 = Debug|Any CPU
		{1BB5245F-E5AE-4CAF-AD20-4A5D90160B42}.Debug|x64.ActiveCfg = Debug|Any CPU
		{1BB5245F-E5AE-4CAF-AD20-4A5D90160B42}.Debug|x64.Build.0 = Debug|Any CPU
		{1BB5245F-E5AE-4CAF-AD20-4A5D90160B42}.Debug|x86.ActiveCfg = Debug|Any CPU
		{1BB5245F-E5AE-4CAF-AD20-4A5D90160B42}.Debug|x86.Build.0 = Debug|Any CPU
		{1BB5245F-E5AE-4CAF-AD20-4A5D90160B42}.Release|Any CPU.ActiveCfg = Release|Any CPU
		{1BB5245F-E5AE-4CAF-AD20-4A5D90160B42}.Release|Any CPU.Build.0 = Release|Any CPU
		{1BB5245F-E5AE-4CAF-AD20-4A5D90160B42}.Release|x64.ActiveCfg = Release|Any CPU
		{1BB5245F-E5AE-4CAF-AD20-4A5D90160B42}.Release|x64.Build.0 = Release|Any CPU
		{1BB5245F-E5AE-4CAF-AD20-4A5D90160B42}.Release|x86.ActiveCfg = Release|Any CPU
		{1BB5245F-E5AE-4CAF-AD20-4A5D90160B42}.Release|x86.Build.0 = Release|Any CPU
		{4246693E-FD19-4546-B3BD-ECB81B4748C4}.Debug|Any CPU.ActiveCfg = Debug|Any CPU
		{4246693E-FD19-4546-B3BD-ECB81B4748C4}.Debug|Any CPU.Build.0 = Debug|Any CPU
		{4246693E-FD19-4546-B3BD-ECB81B4748C4}.Debug|x64.ActiveCfg = Debug|Any CPU
		{4246693E-FD19-4546-B3BD-ECB81B4748C4}.Debug|x64.Build.0 = Debug|Any CPU
		{4246693E-FD19-4546-B3BD-ECB81B4748C4}.Debug|x86.ActiveCfg = Debug|Any CPU
		{4246693E-FD19-4546-B3BD-ECB81B4748C4}.Debug|x86.Build.0 = Debug|Any CPU
		{4246693E-FD19-4546-B3BD-ECB81B4748C4}.Release|Any CPU.ActiveCfg = Release|Any CPU
		{4246693E-FD19-4546-B3BD-ECB81B4748C4}.Release|Any CPU.Build.0 = Release|Any CPU
		{4246693E-FD19-4546-B3BD-ECB81B4748C4}.Release|x64.ActiveCfg = Release|Any CPU
		{4246693E-FD19-4546-B3BD-ECB81B4748C4}.Release|x64.Build.0 = Release|Any CPU
		{4246693E-FD19-4546-B3BD-ECB81B4748C4}.Release|x86.ActiveCfg = Release|Any CPU
		{4246693E-FD19-4546-B3BD-ECB81B4748C4}.Release|x86.Build.0 = Release|Any CPU
	EndGlobalSection
	GlobalSection(SolutionProperties) = preSolution
		HideSolutionNode = FALSE
	EndGlobalSection
EndGlobal
